// !$*UTF8*$!
{
	archiveVersion = 1;
	classes = {
	};
	objectVersion = 51;
	objects = {

/* Begin PBXBuildFile section */
		17536FE324147A51004FDBD5 /* FridgeViewController.swift in Sources */ = {isa = PBXBuildFile; fileRef = 17536FE224147A51004FDBD5 /* FridgeViewController.swift */; };
		17536FE824156774004FDBD5 /* FridgeTableViewCell.swift in Sources */ = {isa = PBXBuildFile; fileRef = 17536FE724156774004FDBD5 /* FridgeTableViewCell.swift */; };
		17536FEA2415678E004FDBD5 /* FridgeCollectionViewCell.swift in Sources */ = {isa = PBXBuildFile; fileRef = 17536FE92415678E004FDBD5 /* FridgeCollectionViewCell.swift */; };
		17536FF1241E323A004FDBD5 /* LoginViewController.swift in Sources */ = {isa = PBXBuildFile; fileRef = 17536FF0241E323A004FDBD5 /* LoginViewController.swift */; };
		3ED6A52651B831D59CB0DE02 /* Pods_SugoiFridgeTests.framework in Frameworks */ = {isa = PBXBuildFile; fileRef = 7EFE7E5E155664095BE9D5C2 /* Pods_SugoiFridgeTests.framework */; };
		8D8A4FBD6723CF4C556ACA2B /* Pods_SugoiFridge_SugoiFridgeUITests.framework in Frameworks */ = {isa = PBXBuildFile; fileRef = 658BF09028DEAED8AA6A5812 /* Pods_SugoiFridge_SugoiFridgeUITests.framework */; };
		D106C36124145E5B000B5396 /* TestViewController.swift in Sources */ = {isa = PBXBuildFile; fileRef = D106C36024145E5B000B5396 /* TestViewController.swift */; };
		D106C36524146DAF000B5396 /* Fridge.storyboard in Resources */ = {isa = PBXBuildFile; fileRef = D106C36424146DAF000B5396 /* Fridge.storyboard */; };
		D106C36924146F11000B5396 /* Main.storyboard in Resources */ = {isa = PBXBuildFile; fileRef = D106C36824146F11000B5396 /* Main.storyboard */; };
		D106C36B241471F0000B5396 /* LaunchScreen.storyboard in Resources */ = {isa = PBXBuildFile; fileRef = D106C36A241471F0000B5396 /* LaunchScreen.storyboard */; };
		D110E2E42427122000184626 /* Pods_SugoiFridge.framework in Frameworks */ = {isa = PBXBuildFile; fileRef = 60F256E7B258971B73628BBC /* Pods_SugoiFridge.framework */; };
		D139BD162421788D007D7EA8 /* Protocols.swift in Sources */ = {isa = PBXBuildFile; fileRef = D139BD152421788D007D7EA8 /* Protocols.swift */; };
		D139BD18242180AF007D7EA8 /* AlertControl.swift in Sources */ = {isa = PBXBuildFile; fileRef = D139BD17242180AF007D7EA8 /* AlertControl.swift */; };
		D14F109A2422E1E7005045F1 /* ParseAPI.swift in Sources */ = {isa = PBXBuildFile; fileRef = D14F10992422E1E7005045F1 /* ParseAPI.swift */; };
		D18E359B24144C5E00441130 /* AppDelegate.swift in Sources */ = {isa = PBXBuildFile; fileRef = D18E359A24144C5E00441130 /* AppDelegate.swift */; };
		D18E359D24144C5E00441130 /* SceneDelegate.swift in Sources */ = {isa = PBXBuildFile; fileRef = D18E359C24144C5E00441130 /* SceneDelegate.swift */; };
		D18E35A424144C6300441130 /* Assets.xcassets in Resources */ = {isa = PBXBuildFile; fileRef = D18E35A324144C6300441130 /* Assets.xcassets */; };
		D18E35B224144C6400441130 /* SugoiFridgeTests.swift in Sources */ = {isa = PBXBuildFile; fileRef = D18E35B124144C6400441130 /* SugoiFridgeTests.swift */; };
		D18E35BD24144C6400441130 /* SugoiFridgeUITests.swift in Sources */ = {isa = PBXBuildFile; fileRef = D18E35BC24144C6400441130 /* SugoiFridgeUITests.swift */; };
		D1E390D1241F085100113922 /* EditViewController.swift in Sources */ = {isa = PBXBuildFile; fileRef = D1E390D0241F085100113922 /* EditViewController.swift */; };
		D1FCBC82241E2850000C31DB /* InputViewController.swift in Sources */ = {isa = PBXBuildFile; fileRef = D1FCBC80241E284F000C31DB /* InputViewController.swift */; };
		D1FCBC8E241E2899000C31DB /* SpoonacularAPI.swift in Sources */ = {isa = PBXBuildFile; fileRef = D1FCBC87241E2898000C31DB /* SpoonacularAPI.swift */; };
		D1FCBC8F241E2899000C31DB /* Constants.swift in Sources */ = {isa = PBXBuildFile; fileRef = D1FCBC89241E2898000C31DB /* Constants.swift */; };
		D1FCBC90241E2899000C31DB /* Structs.swift in Sources */ = {isa = PBXBuildFile; fileRef = D1FCBC8A241E2898000C31DB /* Structs.swift */; };
		D1FCBC91241E2899000C31DB /* NewIngredientTableViewCell.swift in Sources */ = {isa = PBXBuildFile; fileRef = D1FCBC8C241E2898000C31DB /* NewIngredientTableViewCell.swift */; };
		D1FCBC92241E2899000C31DB /* IngredientTableViewCell.swift in Sources */ = {isa = PBXBuildFile; fileRef = D1FCBC8D241E2898000C31DB /* IngredientTableViewCell.swift */; };
		D1FCBC96241E29BD000C31DB /* Input.storyboard in Resources */ = {isa = PBXBuildFile; fileRef = D1FCBC95241E29BD000C31DB /* Input.storyboard */; };
		D1FCBC98241E2CD0000C31DB /* Recipes.storyboard in Resources */ = {isa = PBXBuildFile; fileRef = D1FCBC97241E2CD0000C31DB /* Recipes.storyboard */; };
		D1FCBC9C241E2D91000C31DB /* RecipeCollectionViewCell.swift in Sources */ = {isa = PBXBuildFile; fileRef = D1FCBC99241E2D90000C31DB /* RecipeCollectionViewCell.swift */; };
		D1FCBC9D241E2D91000C31DB /* RecipeLayout.swift in Sources */ = {isa = PBXBuildFile; fileRef = D1FCBC9A241E2D90000C31DB /* RecipeLayout.swift */; };
		D1FCBC9E241E2D91000C31DB /* RecipeCell.swift in Sources */ = {isa = PBXBuildFile; fileRef = D1FCBC9B241E2D91000C31DB /* RecipeCell.swift */; };
		D1FCBCA1241E2DA4000C31DB /* RecipeCollectionViewController.swift in Sources */ = {isa = PBXBuildFile; fileRef = D1FCBC9F241E2DA4000C31DB /* RecipeCollectionViewController.swift */; };
		D1FCBCA2241E2DA4000C31DB /* RecipeDetailsViewController.swift in Sources */ = {isa = PBXBuildFile; fileRef = D1FCBCA0241E2DA4000C31DB /* RecipeDetailsViewController.swift */; };
/* End PBXBuildFile section */

/* Begin PBXContainerItemProxy section */
		D18E35AE24144C6400441130 /* PBXContainerItemProxy */ = {
			isa = PBXContainerItemProxy;
			containerPortal = D18E358F24144C5E00441130 /* Project object */;
			proxyType = 1;
			remoteGlobalIDString = D18E359624144C5E00441130;
			remoteInfo = SugoiFridge;
		};
		D18E35B924144C6400441130 /* PBXContainerItemProxy */ = {
			isa = PBXContainerItemProxy;
			containerPortal = D18E358F24144C5E00441130 /* Project object */;
			proxyType = 1;
			remoteGlobalIDString = D18E359624144C5E00441130;
			remoteInfo = SugoiFridge;
		};
/* End PBXContainerItemProxy section */

/* Begin PBXFileReference section */
		17536FE224147A51004FDBD5 /* FridgeViewController.swift */ = {isa = PBXFileReference; lastKnownFileType = sourcecode.swift; path = FridgeViewController.swift; sourceTree = "<group>"; };
		17536FE724156774004FDBD5 /* FridgeTableViewCell.swift */ = {isa = PBXFileReference; lastKnownFileType = sourcecode.swift; path = FridgeTableViewCell.swift; sourceTree = "<group>"; };
		17536FE92415678E004FDBD5 /* FridgeCollectionViewCell.swift */ = {isa = PBXFileReference; lastKnownFileType = sourcecode.swift; path = FridgeCollectionViewCell.swift; sourceTree = "<group>"; };
		17536FF0241E323A004FDBD5 /* LoginViewController.swift */ = {isa = PBXFileReference; lastKnownFileType = sourcecode.swift; path = LoginViewController.swift; sourceTree = "<group>"; };
		4A49101BCF03F4D984F40154 /* Pods-SugoiFridge-SugoiFridgeUITests.debug.xcconfig */ = {isa = PBXFileReference; includeInIndex = 1; lastKnownFileType = text.xcconfig; name = "Pods-SugoiFridge-SugoiFridgeUITests.debug.xcconfig"; path = "Target Support Files/Pods-SugoiFridge-SugoiFridgeUITests/Pods-SugoiFridge-SugoiFridgeUITests.debug.xcconfig"; sourceTree = "<group>"; };
		60F256E7B258971B73628BBC /* Pods_SugoiFridge.framework */ = {isa = PBXFileReference; explicitFileType = wrapper.framework; includeInIndex = 0; path = Pods_SugoiFridge.framework; sourceTree = BUILT_PRODUCTS_DIR; };
		658BF09028DEAED8AA6A5812 /* Pods_SugoiFridge_SugoiFridgeUITests.framework */ = {isa = PBXFileReference; explicitFileType = wrapper.framework; includeInIndex = 0; path = Pods_SugoiFridge_SugoiFridgeUITests.framework; sourceTree = BUILT_PRODUCTS_DIR; };
		7EFE7E5E155664095BE9D5C2 /* Pods_SugoiFridgeTests.framework */ = {isa = PBXFileReference; explicitFileType = wrapper.framework; includeInIndex = 0; path = Pods_SugoiFridgeTests.framework; sourceTree = BUILT_PRODUCTS_DIR; };
		90142F68F2A480B9A2D93754 /* Pods-SugoiFridge.debug.xcconfig */ = {isa = PBXFileReference; includeInIndex = 1; lastKnownFileType = text.xcconfig; name = "Pods-SugoiFridge.debug.xcconfig"; path = "Target Support Files/Pods-SugoiFridge/Pods-SugoiFridge.debug.xcconfig"; sourceTree = "<group>"; };
		98FF35454CA2CBE9DD09A2E8 /* Pods-SugoiFridge.release.xcconfig */ = {isa = PBXFileReference; includeInIndex = 1; lastKnownFileType = text.xcconfig; name = "Pods-SugoiFridge.release.xcconfig"; path = "Target Support Files/Pods-SugoiFridge/Pods-SugoiFridge.release.xcconfig"; sourceTree = "<group>"; };
		AD26C11074FEB562B309314E /* Pods-SugoiFridgeTests.debug.xcconfig */ = {isa = PBXFileReference; includeInIndex = 1; lastKnownFileType = text.xcconfig; name = "Pods-SugoiFridgeTests.debug.xcconfig"; path = "Target Support Files/Pods-SugoiFridgeTests/Pods-SugoiFridgeTests.debug.xcconfig"; sourceTree = "<group>"; };
		D106C36024145E5B000B5396 /* TestViewController.swift */ = {isa = PBXFileReference; lastKnownFileType = sourcecode.swift; path = TestViewController.swift; sourceTree = "<group>"; };
		D106C36424146DAF000B5396 /* Fridge.storyboard */ = {isa = PBXFileReference; lastKnownFileType = file.storyboard; path = Fridge.storyboard; sourceTree = "<group>"; };
		D106C36824146F11000B5396 /* Main.storyboard */ = {isa = PBXFileReference; lastKnownFileType = file.storyboard; path = Main.storyboard; sourceTree = "<group>"; };
		D106C36A241471F0000B5396 /* LaunchScreen.storyboard */ = {isa = PBXFileReference; fileEncoding = 4; lastKnownFileType = file.storyboard; path = LaunchScreen.storyboard; sourceTree = "<group>"; };
		D110E2D72427103400184626 /* Alamofire.framework */ = {isa = PBXFileReference; explicitFileType = wrapper.framework; path = Alamofire.framework; sourceTree = BUILT_PRODUCTS_DIR; };
		D110E2D82427103400184626 /* AlamofireImage.framework */ = {isa = PBXFileReference; explicitFileType = wrapper.framework; path = AlamofireImage.framework; sourceTree = BUILT_PRODUCTS_DIR; };
		D110E2D92427103400184626 /* Parse.framework */ = {isa = PBXFileReference; explicitFileType = wrapper.framework; path = Parse.framework; sourceTree = BUILT_PRODUCTS_DIR; };
		D110E2DA2427103400184626 /* SwiftyJSON.framework */ = {isa = PBXFileReference; explicitFileType = wrapper.framework; path = SwiftyJSON.framework; sourceTree = BUILT_PRODUCTS_DIR; };
		D139BD152421788D007D7EA8 /* Protocols.swift */ = {isa = PBXFileReference; lastKnownFileType = sourcecode.swift; path = Protocols.swift; sourceTree = "<group>"; };
		D139BD17242180AF007D7EA8 /* AlertControl.swift */ = {isa = PBXFileReference; lastKnownFileType = sourcecode.swift; path = AlertControl.swift; sourceTree = "<group>"; };
		D14F10992422E1E7005045F1 /* ParseAPI.swift */ = {isa = PBXFileReference; lastKnownFileType = sourcecode.swift; path = ParseAPI.swift; sourceTree = "<group>"; };
		D18E359724144C5E00441130 /* SugoiFridge.app */ = {isa = PBXFileReference; explicitFileType = wrapper.application; includeInIndex = 0; path = SugoiFridge.app; sourceTree = BUILT_PRODUCTS_DIR; };
		D18E359A24144C5E00441130 /* AppDelegate.swift */ = {isa = PBXFileReference; lastKnownFileType = sourcecode.swift; path = AppDelegate.swift; sourceTree = "<group>"; };
		D18E359C24144C5E00441130 /* SceneDelegate.swift */ = {isa = PBXFileReference; lastKnownFileType = sourcecode.swift; path = SceneDelegate.swift; sourceTree = "<group>"; };
		D18E35A324144C6300441130 /* Assets.xcassets */ = {isa = PBXFileReference; lastKnownFileType = folder.assetcatalog; path = Assets.xcassets; sourceTree = "<group>"; };
		D18E35A824144C6300441130 /* Info.plist */ = {isa = PBXFileReference; lastKnownFileType = text.plist.xml; path = Info.plist; sourceTree = "<group>"; };
		D18E35AD24144C6400441130 /* SugoiFridgeTests.xctest */ = {isa = PBXFileReference; explicitFileType = wrapper.cfbundle; includeInIndex = 0; path = SugoiFridgeTests.xctest; sourceTree = BUILT_PRODUCTS_DIR; };
		D18E35B124144C6400441130 /* SugoiFridgeTests.swift */ = {isa = PBXFileReference; lastKnownFileType = sourcecode.swift; path = SugoiFridgeTests.swift; sourceTree = "<group>"; };
		D18E35B324144C6400441130 /* Info.plist */ = {isa = PBXFileReference; lastKnownFileType = text.plist.xml; path = Info.plist; sourceTree = "<group>"; };
		D18E35B824144C6400441130 /* SugoiFridgeUITests.xctest */ = {isa = PBXFileReference; explicitFileType = wrapper.cfbundle; includeInIndex = 0; path = SugoiFridgeUITests.xctest; sourceTree = BUILT_PRODUCTS_DIR; };
		D18E35BC24144C6400441130 /* SugoiFridgeUITests.swift */ = {isa = PBXFileReference; lastKnownFileType = sourcecode.swift; path = SugoiFridgeUITests.swift; sourceTree = "<group>"; };
		D18E35BE24144C6400441130 /* Info.plist */ = {isa = PBXFileReference; lastKnownFileType = text.plist.xml; path = Info.plist; sourceTree = "<group>"; };
		D1E390D0241F085100113922 /* EditViewController.swift */ = {isa = PBXFileReference; lastKnownFileType = sourcecode.swift; path = EditViewController.swift; sourceTree = "<group>"; };
		D1FCBC80241E284F000C31DB /* InputViewController.swift */ = {isa = PBXFileReference; fileEncoding = 4; lastKnownFileType = sourcecode.swift; path = InputViewController.swift; sourceTree = "<group>"; };
		D1FCBC87241E2898000C31DB /* SpoonacularAPI.swift */ = {isa = PBXFileReference; fileEncoding = 4; lastKnownFileType = sourcecode.swift; path = SpoonacularAPI.swift; sourceTree = "<group>"; };
		D1FCBC89241E2898000C31DB /* Constants.swift */ = {isa = PBXFileReference; fileEncoding = 4; lastKnownFileType = sourcecode.swift; path = Constants.swift; sourceTree = "<group>"; };
		D1FCBC8A241E2898000C31DB /* Structs.swift */ = {isa = PBXFileReference; fileEncoding = 4; lastKnownFileType = sourcecode.swift; path = Structs.swift; sourceTree = "<group>"; };
		D1FCBC8C241E2898000C31DB /* NewIngredientTableViewCell.swift */ = {isa = PBXFileReference; fileEncoding = 4; lastKnownFileType = sourcecode.swift; path = NewIngredientTableViewCell.swift; sourceTree = "<group>"; };
		D1FCBC8D241E2898000C31DB /* IngredientTableViewCell.swift */ = {isa = PBXFileReference; fileEncoding = 4; lastKnownFileType = sourcecode.swift; path = IngredientTableViewCell.swift; sourceTree = "<group>"; };
		D1FCBC95241E29BD000C31DB /* Input.storyboard */ = {isa = PBXFileReference; fileEncoding = 4; lastKnownFileType = file.storyboard; path = Input.storyboard; sourceTree = "<group>"; };
		D1FCBC97241E2CD0000C31DB /* Recipes.storyboard */ = {isa = PBXFileReference; fileEncoding = 4; lastKnownFileType = file.storyboard; path = Recipes.storyboard; sourceTree = "<group>"; };
		D1FCBC99241E2D90000C31DB /* RecipeCollectionViewCell.swift */ = {isa = PBXFileReference; fileEncoding = 4; lastKnownFileType = sourcecode.swift; path = RecipeCollectionViewCell.swift; sourceTree = "<group>"; };
		D1FCBC9A241E2D90000C31DB /* RecipeLayout.swift */ = {isa = PBXFileReference; fileEncoding = 4; lastKnownFileType = sourcecode.swift; path = RecipeLayout.swift; sourceTree = "<group>"; };
		D1FCBC9B241E2D91000C31DB /* RecipeCell.swift */ = {isa = PBXFileReference; fileEncoding = 4; lastKnownFileType = sourcecode.swift; path = RecipeCell.swift; sourceTree = "<group>"; };
		D1FCBC9F241E2DA4000C31DB /* RecipeCollectionViewController.swift */ = {isa = PBXFileReference; fileEncoding = 4; lastKnownFileType = sourcecode.swift; path = RecipeCollectionViewController.swift; sourceTree = "<group>"; };
		D1FCBCA0241E2DA4000C31DB /* RecipeDetailsViewController.swift */ = {isa = PBXFileReference; fileEncoding = 4; lastKnownFileType = sourcecode.swift; path = RecipeDetailsViewController.swift; sourceTree = "<group>"; };
		E24A3699EDE9C33A31A38BFA /* Pods-SugoiFridge-SugoiFridgeUITests.release.xcconfig */ = {isa = PBXFileReference; includeInIndex = 1; lastKnownFileType = text.xcconfig; name = "Pods-SugoiFridge-SugoiFridgeUITests.release.xcconfig"; path = "Target Support Files/Pods-SugoiFridge-SugoiFridgeUITests/Pods-SugoiFridge-SugoiFridgeUITests.release.xcconfig"; sourceTree = "<group>"; };
		FDF4EA9409C4746DD5EA4FDF /* Pods-SugoiFridgeTests.release.xcconfig */ = {isa = PBXFileReference; includeInIndex = 1; lastKnownFileType = text.xcconfig; name = "Pods-SugoiFridgeTests.release.xcconfig"; path = "Target Support Files/Pods-SugoiFridgeTests/Pods-SugoiFridgeTests.release.xcconfig"; sourceTree = "<group>"; };
/* End PBXFileReference section */

/* Begin PBXFrameworksBuildPhase section */
		D18E359424144C5E00441130 /* Frameworks */ = {
			isa = PBXFrameworksBuildPhase;
			buildActionMask = 2147483647;
			files = (
				D110E2E42427122000184626 /* Pods_SugoiFridge.framework in Frameworks */,
			);
			runOnlyForDeploymentPostprocessing = 0;
		};
		D18E35AA24144C6400441130 /* Frameworks */ = {
			isa = PBXFrameworksBuildPhase;
			buildActionMask = 2147483647;
			files = (
				3ED6A52651B831D59CB0DE02 /* Pods_SugoiFridgeTests.framework in Frameworks */,
			);
			runOnlyForDeploymentPostprocessing = 0;
		};
		D18E35B524144C6400441130 /* Frameworks */ = {
			isa = PBXFrameworksBuildPhase;
			buildActionMask = 2147483647;
			files = (
				8D8A4FBD6723CF4C556ACA2B /* Pods_SugoiFridge_SugoiFridgeUITests.framework in Frameworks */,
			);
			runOnlyForDeploymentPostprocessing = 0;
		};
/* End PBXFrameworksBuildPhase section */

/* Begin PBXGroup section */
		4CA044F432A2F8203F421CD2 /* Frameworks */ = {
			isa = PBXGroup;
			children = (
				D110E2D72427103400184626 /* Alamofire.framework */,
				D110E2D82427103400184626 /* AlamofireImage.framework */,
				D110E2D92427103400184626 /* Parse.framework */,
				D110E2DA2427103400184626 /* SwiftyJSON.framework */,
				60F256E7B258971B73628BBC /* Pods_SugoiFridge.framework */,
				658BF09028DEAED8AA6A5812 /* Pods_SugoiFridge_SugoiFridgeUITests.framework */,
				7EFE7E5E155664095BE9D5C2 /* Pods_SugoiFridgeTests.framework */,
			);
			name = Frameworks;
			sourceTree = "<group>";
		};
		96948E3D5D00DD4FD0FE7EE2 /* Pods */ = {
			isa = PBXGroup;
			children = (
				90142F68F2A480B9A2D93754 /* Pods-SugoiFridge.debug.xcconfig */,
				98FF35454CA2CBE9DD09A2E8 /* Pods-SugoiFridge.release.xcconfig */,
				4A49101BCF03F4D984F40154 /* Pods-SugoiFridge-SugoiFridgeUITests.debug.xcconfig */,
				E24A3699EDE9C33A31A38BFA /* Pods-SugoiFridge-SugoiFridgeUITests.release.xcconfig */,
				AD26C11074FEB562B309314E /* Pods-SugoiFridgeTests.debug.xcconfig */,
				FDF4EA9409C4746DD5EA4FDF /* Pods-SugoiFridgeTests.release.xcconfig */,
			);
			path = Pods;
			sourceTree = "<group>";
		};
		D106C35924145515000B5396 /* Delegates */ = {
			isa = PBXGroup;
			children = (
				D18E359A24144C5E00441130 /* AppDelegate.swift */,
				D18E359C24144C5E00441130 /* SceneDelegate.swift */,
			);
			path = Delegates;
			sourceTree = "<group>";
		};
		D106C35A24145524000B5396 /* View Controllers */ = {
			isa = PBXGroup;
			children = (
				D139BD1C24218A75007D7EA8 /* Fridge */,
				D139BD1D24218A7C007D7EA8 /* Input */,
				D139BD1E24218A80007D7EA8 /* Recipe */,
				D139BD1F24218ACE007D7EA8 /* Others */,
			);
			path = "View Controllers";
			sourceTree = "<group>";
		};
		D106C35B2414552E000B5396 /* Storyboards */ = {
			isa = PBXGroup;
			children = (
				D106C36424146DAF000B5396 /* Fridge.storyboard */,
				D1FCBC95241E29BD000C31DB /* Input.storyboard */,
				D106C36A241471F0000B5396 /* LaunchScreen.storyboard */,
				D106C36824146F11000B5396 /* Main.storyboard */,
				D1FCBC97241E2CD0000C31DB /* Recipes.storyboard */,
			);
			path = Storyboards;
			sourceTree = "<group>";
		};
		D139BD1924218A17007D7EA8 /* Fridge */ = {
			isa = PBXGroup;
			children = (
				17536FE724156774004FDBD5 /* FridgeTableViewCell.swift */,
				17536FE92415678E004FDBD5 /* FridgeCollectionViewCell.swift */,
			);
			path = Fridge;
			sourceTree = "<group>";
		};
		D139BD1A24218A34007D7EA8 /* Input */ = {
			isa = PBXGroup;
			children = (
				D1FCBC8D241E2898000C31DB /* IngredientTableViewCell.swift */,
				D1FCBC8C241E2898000C31DB /* NewIngredientTableViewCell.swift */,
			);
			path = Input;
			sourceTree = "<group>";
		};
		D139BD1B24218A44007D7EA8 /* Recipe */ = {
			isa = PBXGroup;
			children = (
				D1FCBC9B241E2D91000C31DB /* RecipeCell.swift */,
				D1FCBC99241E2D90000C31DB /* RecipeCollectionViewCell.swift */,
				D1FCBC9A241E2D90000C31DB /* RecipeLayout.swift */,
			);
			path = Recipe;
			sourceTree = "<group>";
		};
		D139BD1C24218A75007D7EA8 /* Fridge */ = {
			isa = PBXGroup;
			children = (
				17536FE224147A51004FDBD5 /* FridgeViewController.swift */,
			);
			path = Fridge;
			sourceTree = "<group>";
		};
		D139BD1D24218A7C007D7EA8 /* Input */ = {
			isa = PBXGroup;
			children = (
				D1E390D0241F085100113922 /* EditViewController.swift */,
				D1FCBC80241E284F000C31DB /* InputViewController.swift */,
			);
			path = Input;
			sourceTree = "<group>";
		};
		D139BD1E24218A80007D7EA8 /* Recipe */ = {
			isa = PBXGroup;
			children = (
				D1FCBC9F241E2DA4000C31DB /* RecipeCollectionViewController.swift */,
				D1FCBCA0241E2DA4000C31DB /* RecipeDetailsViewController.swift */,
			);
			path = Recipe;
			sourceTree = "<group>";
		};
		D139BD1F24218ACE007D7EA8 /* Others */ = {
			isa = PBXGroup;
			children = (
				D106C36024145E5B000B5396 /* TestViewController.swift */,
				17536FF0241E323A004FDBD5 /* LoginViewController.swift */,
			);
			path = Others;
			sourceTree = "<group>";
		};
		D18E358E24144C5E00441130 = {
			isa = PBXGroup;
			children = (
				D18E359924144C5E00441130 /* SugoiFridge */,
				D18E35B024144C6400441130 /* SugoiFridgeTests */,
				D18E35BB24144C6400441130 /* SugoiFridgeUITests */,
				D18E359824144C5E00441130 /* Products */,
				96948E3D5D00DD4FD0FE7EE2 /* Pods */,
				4CA044F432A2F8203F421CD2 /* Frameworks */,
			);
			sourceTree = "<group>";
		};
		D18E359824144C5E00441130 /* Products */ = {
			isa = PBXGroup;
			children = (
				D18E359724144C5E00441130 /* SugoiFridge.app */,
				D18E35AD24144C6400441130 /* SugoiFridgeTests.xctest */,
				D18E35B824144C6400441130 /* SugoiFridgeUITests.xctest */,
			);
			name = Products;
			sourceTree = "<group>";
		};
		D18E359924144C5E00441130 /* SugoiFridge */ = {
			isa = PBXGroup;
			children = (
				D106C35924145515000B5396 /* Delegates */,
				D1FCBC88241E2898000C31DB /* Enums */,
				D1FCBC86241E2898000C31DB /* Helpers */,
				D106C35B2414552E000B5396 /* Storyboards */,
				D1FCBC8B241E2898000C31DB /* Views */,
				D106C35A24145524000B5396 /* View Controllers */,
				D18E35A324144C6300441130 /* Assets.xcassets */,
				D18E35A824144C6300441130 /* Info.plist */,
			);
			path = SugoiFridge;
			sourceTree = "<group>";
		};
		D18E35B024144C6400441130 /* SugoiFridgeTests */ = {
			isa = PBXGroup;
			children = (
				D18E35B124144C6400441130 /* SugoiFridgeTests.swift */,
				D18E35B324144C6400441130 /* Info.plist */,
			);
			path = SugoiFridgeTests;
			sourceTree = "<group>";
		};
		D18E35BB24144C6400441130 /* SugoiFridgeUITests */ = {
			isa = PBXGroup;
			children = (
				D18E35BC24144C6400441130 /* SugoiFridgeUITests.swift */,
				D18E35BE24144C6400441130 /* Info.plist */,
			);
			path = SugoiFridgeUITests;
			sourceTree = "<group>";
		};
		D1FCBC86241E2898000C31DB /* Helpers */ = {
			isa = PBXGroup;
			children = (
				D139BD17242180AF007D7EA8 /* AlertControl.swift */,
				D14F10992422E1E7005045F1 /* ParseAPI.swift */,
				D1FCBC87241E2898000C31DB /* SpoonacularAPI.swift */,
			);
			path = Helpers;
			sourceTree = "<group>";
		};
		D1FCBC88241E2898000C31DB /* Enums */ = {
			isa = PBXGroup;
			children = (
				D1FCBC89241E2898000C31DB /* Constants.swift */,
				D139BD152421788D007D7EA8 /* Protocols.swift */,
				D1FCBC8A241E2898000C31DB /* Structs.swift */,
			);
			path = Enums;
			sourceTree = "<group>";
		};
		D1FCBC8B241E2898000C31DB /* Views */ = {
			isa = PBXGroup;
			children = (
				D139BD1924218A17007D7EA8 /* Fridge */,
				D139BD1A24218A34007D7EA8 /* Input */,
				D139BD1B24218A44007D7EA8 /* Recipe */,
			);
			path = Views;
			sourceTree = "<group>";
		};
/* End PBXGroup section */

/* Begin PBXNativeTarget section */
		D18E359624144C5E00441130 /* SugoiFridge */ = {
			isa = PBXNativeTarget;
			buildConfigurationList = D18E35C124144C6400441130 /* Build configuration list for PBXNativeTarget "SugoiFridge" */;
			buildPhases = (
				EDEBAEA0560EC8211CFC1081 /* [CP] Check Pods Manifest.lock */,
				D18E359324144C5E00441130 /* Sources */,
				D18E359424144C5E00441130 /* Frameworks */,
				D18E359524144C5E00441130 /* Resources */,
				5F44555B8BC16E6A998772A3 /* [CP] Embed Pods Frameworks */,
			);
			buildRules = (
			);
			dependencies = (
			);
			name = SugoiFridge;
			productName = SugoiFridge;
			productReference = D18E359724144C5E00441130 /* SugoiFridge.app */;
			productType = "com.apple.product-type.application";
		};
		D18E35AC24144C6400441130 /* SugoiFridgeTests */ = {
			isa = PBXNativeTarget;
			buildConfigurationList = D18E35C424144C6400441130 /* Build configuration list for PBXNativeTarget "SugoiFridgeTests" */;
			buildPhases = (
				6E2896A011DEF346C912D218 /* [CP] Check Pods Manifest.lock */,
				D18E35A924144C6400441130 /* Sources */,
				D18E35AA24144C6400441130 /* Frameworks */,
				D18E35AB24144C6400441130 /* Resources */,
			);
			buildRules = (
			);
			dependencies = (
				D18E35AF24144C6400441130 /* PBXTargetDependency */,
			);
			name = SugoiFridgeTests;
			productName = SugoiFridgeTests;
			productReference = D18E35AD24144C6400441130 /* SugoiFridgeTests.xctest */;
			productType = "com.apple.product-type.bundle.unit-test";
		};
		D18E35B724144C6400441130 /* SugoiFridgeUITests */ = {
			isa = PBXNativeTarget;
			buildConfigurationList = D18E35C724144C6400441130 /* Build configuration list for PBXNativeTarget "SugoiFridgeUITests" */;
			buildPhases = (
				28773AD253975227CA523F89 /* [CP] Check Pods Manifest.lock */,
				D18E35B424144C6400441130 /* Sources */,
				D18E35B524144C6400441130 /* Frameworks */,
				D18E35B624144C6400441130 /* Resources */,
				DB3B3AEBCAC6C49FCBC5AFE2 /* [CP] Embed Pods Frameworks */,
			);
			buildRules = (
			);
			dependencies = (
				D18E35BA24144C6400441130 /* PBXTargetDependency */,
			);
			name = SugoiFridgeUITests;
			productName = SugoiFridgeUITests;
			productReference = D18E35B824144C6400441130 /* SugoiFridgeUITests.xctest */;
			productType = "com.apple.product-type.bundle.ui-testing";
		};
/* End PBXNativeTarget section */

/* Begin PBXProject section */
		D18E358F24144C5E00441130 /* Project object */ = {
			isa = PBXProject;
			attributes = {
				LastSwiftUpdateCheck = 1130;
				LastUpgradeCheck = 1130;
				ORGANIZATIONNAME = TAR;
				TargetAttributes = {
					D18E359624144C5E00441130 = {
						CreatedOnToolsVersion = 11.3;
					};
					D18E35AC24144C6400441130 = {
						CreatedOnToolsVersion = 11.3;
						TestTargetID = D18E359624144C5E00441130;
					};
					D18E35B724144C6400441130 = {
						CreatedOnToolsVersion = 11.3;
						TestTargetID = D18E359624144C5E00441130;
					};
				};
			};
			buildConfigurationList = D18E359224144C5E00441130 /* Build configuration list for PBXProject "SugoiFridge" */;
			compatibilityVersion = "Xcode 9.3";
			developmentRegion = en;
			hasScannedForEncodings = 0;
			knownRegions = (
				en,
				Base,
			);
			mainGroup = D18E358E24144C5E00441130;
			productRefGroup = D18E359824144C5E00441130 /* Products */;
			projectDirPath = "";
			projectRoot = "";
			targets = (
				D18E359624144C5E00441130 /* SugoiFridge */,
				D18E35AC24144C6400441130 /* SugoiFridgeTests */,
				D18E35B724144C6400441130 /* SugoiFridgeUITests */,
			);
		};
/* End PBXProject section */

/* Begin PBXResourcesBuildPhase section */
		D18E359524144C5E00441130 /* Resources */ = {
			isa = PBXResourcesBuildPhase;
			buildActionMask = 2147483647;
			files = (
				D18E35A424144C6300441130 /* Assets.xcassets in Resources */,
				D1FCBC96241E29BD000C31DB /* Input.storyboard in Resources */,
				D106C36924146F11000B5396 /* Main.storyboard in Resources */,
				D106C36524146DAF000B5396 /* Fridge.storyboard in Resources */,
				D1FCBC98241E2CD0000C31DB /* Recipes.storyboard in Resources */,
				D106C36B241471F0000B5396 /* LaunchScreen.storyboard in Resources */,
			);
			runOnlyForDeploymentPostprocessing = 0;
		};
		D18E35AB24144C6400441130 /* Resources */ = {
			isa = PBXResourcesBuildPhase;
			buildActionMask = 2147483647;
			files = (
			);
			runOnlyForDeploymentPostprocessing = 0;
		};
		D18E35B624144C6400441130 /* Resources */ = {
			isa = PBXResourcesBuildPhase;
			buildActionMask = 2147483647;
			files = (
			);
			runOnlyForDeploymentPostprocessing = 0;
		};
/* End PBXResourcesBuildPhase section */

/* Begin PBXShellScriptBuildPhase section */
		28773AD253975227CA523F89 /* [CP] Check Pods Manifest.lock */ = {
			isa = PBXShellScriptBuildPhase;
			buildActionMask = 2147483647;
			files = (
			);
			inputFileListPaths = (
			);
			inputPaths = (
				"${PODS_PODFILE_DIR_PATH}/Podfile.lock",
				"${PODS_ROOT}/Manifest.lock",
			);
			name = "[CP] Check Pods Manifest.lock";
			outputFileListPaths = (
			);
			outputPaths = (
				"$(DERIVED_FILE_DIR)/Pods-SugoiFridge-SugoiFridgeUITests-checkManifestLockResult.txt",
			);
			runOnlyForDeploymentPostprocessing = 0;
			shellPath = /bin/sh;
			shellScript = "diff \"${PODS_PODFILE_DIR_PATH}/Podfile.lock\" \"${PODS_ROOT}/Manifest.lock\" > /dev/null\nif [ $? != 0 ] ; then\n    # print error to STDERR\n    echo \"error: The sandbox is not in sync with the Podfile.lock. Run 'pod install' or update your CocoaPods installation.\" >&2\n    exit 1\nfi\n# This output is used by Xcode 'outputs' to avoid re-running this script phase.\necho \"SUCCESS\" > \"${SCRIPT_OUTPUT_FILE_0}\"\n";
			showEnvVarsInLog = 0;
		};
		5F44555B8BC16E6A998772A3 /* [CP] Embed Pods Frameworks */ = {
			isa = PBXShellScriptBuildPhase;
			buildActionMask = 2147483647;
			files = (
			);
			inputFileListPaths = (
				"${PODS_ROOT}/Target Support Files/Pods-SugoiFridge/Pods-SugoiFridge-frameworks-${CONFIGURATION}-input-files.xcfilelist",
			);
			name = "[CP] Embed Pods Frameworks";
			outputFileListPaths = (
				"${PODS_ROOT}/Target Support Files/Pods-SugoiFridge/Pods-SugoiFridge-frameworks-${CONFIGURATION}-output-files.xcfilelist",
			);
			runOnlyForDeploymentPostprocessing = 0;
			shellPath = /bin/sh;
			shellScript = "\"${PODS_ROOT}/Target Support Files/Pods-SugoiFridge/Pods-SugoiFridge-frameworks.sh\"\n";
			showEnvVarsInLog = 0;
		};
		6E2896A011DEF346C912D218 /* [CP] Check Pods Manifest.lock */ = {
			isa = PBXShellScriptBuildPhase;
			buildActionMask = 2147483647;
			files = (
			);
			inputFileListPaths = (
			);
			inputPaths = (
				"${PODS_PODFILE_DIR_PATH}/Podfile.lock",
				"${PODS_ROOT}/Manifest.lock",
			);
			name = "[CP] Check Pods Manifest.lock";
			outputFileListPaths = (
			);
			outputPaths = (
				"$(DERIVED_FILE_DIR)/Pods-SugoiFridgeTests-checkManifestLockResult.txt",
			);
			runOnlyForDeploymentPostprocessing = 0;
			shellPath = /bin/sh;
			shellScript = "diff \"${PODS_PODFILE_DIR_PATH}/Podfile.lock\" \"${PODS_ROOT}/Manifest.lock\" > /dev/null\nif [ $? != 0 ] ; then\n    # print error to STDERR\n    echo \"error: The sandbox is not in sync with the Podfile.lock. Run 'pod install' or update your CocoaPods installation.\" >&2\n    exit 1\nfi\n# This output is used by Xcode 'outputs' to avoid re-running this script phase.\necho \"SUCCESS\" > \"${SCRIPT_OUTPUT_FILE_0}\"\n";
			showEnvVarsInLog = 0;
		};
		DB3B3AEBCAC6C49FCBC5AFE2 /* [CP] Embed Pods Frameworks */ = {
			isa = PBXShellScriptBuildPhase;
			buildActionMask = 2147483647;
			files = (
			);
			inputFileListPaths = (
				"${PODS_ROOT}/Target Support Files/Pods-SugoiFridge-SugoiFridgeUITests/Pods-SugoiFridge-SugoiFridgeUITests-frameworks-${CONFIGURATION}-input-files.xcfilelist",
			);
			name = "[CP] Embed Pods Frameworks";
			outputFileListPaths = (
				"${PODS_ROOT}/Target Support Files/Pods-SugoiFridge-SugoiFridgeUITests/Pods-SugoiFridge-SugoiFridgeUITests-frameworks-${CONFIGURATION}-output-files.xcfilelist",
			);
			runOnlyForDeploymentPostprocessing = 0;
			shellPath = /bin/sh;
			shellScript = "\"${PODS_ROOT}/Target Support Files/Pods-SugoiFridge-SugoiFridgeUITests/Pods-SugoiFridge-SugoiFridgeUITests-frameworks.sh\"\n";
			showEnvVarsInLog = 0;
		};
		EDEBAEA0560EC8211CFC1081 /* [CP] Check Pods Manifest.lock */ = {
			isa = PBXShellScriptBuildPhase;
			buildActionMask = 2147483647;
			files = (
			);
			inputFileListPaths = (
			);
			inputPaths = (
				"${PODS_PODFILE_DIR_PATH}/Podfile.lock",
				"${PODS_ROOT}/Manifest.lock",
			);
			name = "[CP] Check Pods Manifest.lock";
			outputFileListPaths = (
			);
			outputPaths = (
				"$(DERIVED_FILE_DIR)/Pods-SugoiFridge-checkManifestLockResult.txt",
			);
			runOnlyForDeploymentPostprocessing = 0;
			shellPath = /bin/sh;
			shellScript = "diff \"${PODS_PODFILE_DIR_PATH}/Podfile.lock\" \"${PODS_ROOT}/Manifest.lock\" > /dev/null\nif [ $? != 0 ] ; then\n    # print error to STDERR\n    echo \"error: The sandbox is not in sync with the Podfile.lock. Run 'pod install' or update your CocoaPods installation.\" >&2\n    exit 1\nfi\n# This output is used by Xcode 'outputs' to avoid re-running this script phase.\necho \"SUCCESS\" > \"${SCRIPT_OUTPUT_FILE_0}\"\n";
			showEnvVarsInLog = 0;
		};
/* End PBXShellScriptBuildPhase section */

/* Begin PBXSourcesBuildPhase section */
		D18E359324144C5E00441130 /* Sources */ = {
			isa = PBXSourcesBuildPhase;
			buildActionMask = 2147483647;
			files = (
				D1E390D1241F085100113922 /* EditViewController.swift in Sources */,
				D1FCBC9D241E2D91000C31DB /* RecipeLayout.swift in Sources */,
				D1FCBCA2241E2DA4000C31DB /* RecipeDetailsViewController.swift in Sources */,
				D18E359B24144C5E00441130 /* AppDelegate.swift in Sources */,
				17536FE824156774004FDBD5 /* FridgeTableViewCell.swift in Sources */,
				17536FF1241E323A004FDBD5 /* LoginViewController.swift in Sources */,
				D1FCBC9E241E2D91000C31DB /* RecipeCell.swift in Sources */,
				D139BD18242180AF007D7EA8 /* AlertControl.swift in Sources */,
				D1FCBCA1241E2DA4000C31DB /* RecipeCollectionViewController.swift in Sources */,
				17536FE324147A51004FDBD5 /* FridgeViewController.swift in Sources */,
				D1FCBC90241E2899000C31DB /* Structs.swift in Sources */,
				D1FCBC9C241E2D91000C31DB /* RecipeCollectionViewCell.swift in Sources */,
				D1FCBC82241E2850000C31DB /* InputViewController.swift in Sources */,
				D106C36124145E5B000B5396 /* TestViewController.swift in Sources */,
				D1FCBC92241E2899000C31DB /* IngredientTableViewCell.swift in Sources */,
				D1FCBC8F241E2899000C31DB /* Constants.swift in Sources */,
				D139BD162421788D007D7EA8 /* Protocols.swift in Sources */,
				D18E359D24144C5E00441130 /* SceneDelegate.swift in Sources */,
				D1FCBC8E241E2899000C31DB /* SpoonacularAPI.swift in Sources */,
				D1FCBC91241E2899000C31DB /* NewIngredientTableViewCell.swift in Sources */,
				D14F109A2422E1E7005045F1 /* ParseAPI.swift in Sources */,
				17536FEA2415678E004FDBD5 /* FridgeCollectionViewCell.swift in Sources */,
			);
			runOnlyForDeploymentPostprocessing = 0;
		};
		D18E35A924144C6400441130 /* Sources */ = {
			isa = PBXSourcesBuildPhase;
			buildActionMask = 2147483647;
			files = (
				D18E35B224144C6400441130 /* SugoiFridgeTests.swift in Sources */,
			);
			runOnlyForDeploymentPostprocessing = 0;
		};
		D18E35B424144C6400441130 /* Sources */ = {
			isa = PBXSourcesBuildPhase;
			buildActionMask = 2147483647;
			files = (
				D18E35BD24144C6400441130 /* SugoiFridgeUITests.swift in Sources */,
			);
			runOnlyForDeploymentPostprocessing = 0;
		};
/* End PBXSourcesBuildPhase section */

/* Begin PBXTargetDependency section */
		D18E35AF24144C6400441130 /* PBXTargetDependency */ = {
			isa = PBXTargetDependency;
			target = D18E359624144C5E00441130 /* SugoiFridge */;
			targetProxy = D18E35AE24144C6400441130 /* PBXContainerItemProxy */;
		};
		D18E35BA24144C6400441130 /* PBXTargetDependency */ = {
			isa = PBXTargetDependency;
			target = D18E359624144C5E00441130 /* SugoiFridge */;
			targetProxy = D18E35B924144C6400441130 /* PBXContainerItemProxy */;
		};
/* End PBXTargetDependency section */

/* Begin XCBuildConfiguration section */
		D18E35BF24144C6400441130 /* Debug */ = {
			isa = XCBuildConfiguration;
			buildSettings = {
				ALWAYS_SEARCH_USER_PATHS = NO;
				CLANG_ANALYZER_NONNULL = YES;
				CLANG_ANALYZER_NUMBER_OBJECT_CONVERSION = YES_AGGRESSIVE;
				CLANG_CXX_LANGUAGE_STANDARD = "gnu++14";
				CLANG_CXX_LIBRARY = "libc++";
				CLANG_ENABLE_MODULES = YES;
				CLANG_ENABLE_OBJC_ARC = YES;
				CLANG_ENABLE_OBJC_WEAK = YES;
				CLANG_WARN_BLOCK_CAPTURE_AUTORELEASING = YES;
				CLANG_WARN_BOOL_CONVERSION = YES;
				CLANG_WARN_COMMA = YES;
				CLANG_WARN_CONSTANT_CONVERSION = YES;
				CLANG_WARN_DEPRECATED_OBJC_IMPLEMENTATIONS = YES;
				CLANG_WARN_DIRECT_OBJC_ISA_USAGE = YES_ERROR;
				CLANG_WARN_DOCUMENTATION_COMMENTS = YES;
				CLANG_WARN_EMPTY_BODY = YES;
				CLANG_WARN_ENUM_CONVERSION = YES;
				CLANG_WARN_INFINITE_RECURSION = YES;
				CLANG_WARN_INT_CONVERSION = YES;
				CLANG_WARN_NON_LITERAL_NULL_CONVERSION = YES;
				CLANG_WARN_OBJC_IMPLICIT_RETAIN_SELF = YES;
				CLANG_WARN_OBJC_LITERAL_CONVERSION = YES;
				CLANG_WARN_OBJC_ROOT_CLASS = YES_ERROR;
				CLANG_WARN_RANGE_LOOP_ANALYSIS = YES;
				CLANG_WARN_STRICT_PROTOTYPES = YES;
				CLANG_WARN_SUSPICIOUS_MOVE = YES;
				CLANG_WARN_UNGUARDED_AVAILABILITY = YES_AGGRESSIVE;
				CLANG_WARN_UNREACHABLE_CODE = YES;
				CLANG_WARN__DUPLICATE_METHOD_MATCH = YES;
				COPY_PHASE_STRIP = NO;
				DEBUG_INFORMATION_FORMAT = dwarf;
				ENABLE_STRICT_OBJC_MSGSEND = YES;
				ENABLE_TESTABILITY = YES;
				GCC_C_LANGUAGE_STANDARD = gnu11;
				GCC_DYNAMIC_NO_PIC = NO;
				GCC_NO_COMMON_BLOCKS = YES;
				GCC_OPTIMIZATION_LEVEL = 0;
				GCC_PREPROCESSOR_DEFINITIONS = (
					"DEBUG=1",
					"$(inherited)",
				);
				GCC_WARN_64_TO_32_BIT_CONVERSION = YES;
				GCC_WARN_ABOUT_RETURN_TYPE = YES_ERROR;
				GCC_WARN_UNDECLARED_SELECTOR = YES;
				GCC_WARN_UNINITIALIZED_AUTOS = YES_AGGRESSIVE;
				GCC_WARN_UNUSED_FUNCTION = YES;
				GCC_WARN_UNUSED_VARIABLE = YES;
				IPHONEOS_DEPLOYMENT_TARGET = 13.2;
				MTL_ENABLE_DEBUG_INFO = INCLUDE_SOURCE;
				MTL_FAST_MATH = YES;
				ONLY_ACTIVE_ARCH = YES;
				SDKROOT = iphoneos;
				SWIFT_ACTIVE_COMPILATION_CONDITIONS = DEBUG;
				SWIFT_OPTIMIZATION_LEVEL = "-Onone";
			};
			name = Debug;
		};
		D18E35C024144C6400441130 /* Release */ = {
			isa = XCBuildConfiguration;
			buildSettings = {
				ALWAYS_SEARCH_USER_PATHS = NO;
				CLANG_ANALYZER_NONNULL = YES;
				CLANG_ANALYZER_NUMBER_OBJECT_CONVERSION = YES_AGGRESSIVE;
				CLANG_CXX_LANGUAGE_STANDARD = "gnu++14";
				CLANG_CXX_LIBRARY = "libc++";
				CLANG_ENABLE_MODULES = YES;
				CLANG_ENABLE_OBJC_ARC = YES;
				CLANG_ENABLE_OBJC_WEAK = YES;
				CLANG_WARN_BLOCK_CAPTURE_AUTORELEASING = YES;
				CLANG_WARN_BOOL_CONVERSION = YES;
				CLANG_WARN_COMMA = YES;
				CLANG_WARN_CONSTANT_CONVERSION = YES;
				CLANG_WARN_DEPRECATED_OBJC_IMPLEMENTATIONS = YES;
				CLANG_WARN_DIRECT_OBJC_ISA_USAGE = YES_ERROR;
				CLANG_WARN_DOCUMENTATION_COMMENTS = YES;
				CLANG_WARN_EMPTY_BODY = YES;
				CLANG_WARN_ENUM_CONVERSION = YES;
				CLANG_WARN_INFINITE_RECURSION = YES;
				CLANG_WARN_INT_CONVERSION = YES;
				CLANG_WARN_NON_LITERAL_NULL_CONVERSION = YES;
				CLANG_WARN_OBJC_IMPLICIT_RETAIN_SELF = YES;
				CLANG_WARN_OBJC_LITERAL_CONVERSION = YES;
				CLANG_WARN_OBJC_ROOT_CLASS = YES_ERROR;
				CLANG_WARN_RANGE_LOOP_ANALYSIS = YES;
				CLANG_WARN_STRICT_PROTOTYPES = YES;
				CLANG_WARN_SUSPICIOUS_MOVE = YES;
				CLANG_WARN_UNGUARDED_AVAILABILITY = YES_AGGRESSIVE;
				CLANG_WARN_UNREACHABLE_CODE = YES;
				CLANG_WARN__DUPLICATE_METHOD_MATCH = YES;
				COPY_PHASE_STRIP = NO;
				DEBUG_INFORMATION_FORMAT = "dwarf-with-dsym";
				ENABLE_NS_ASSERTIONS = NO;
				ENABLE_STRICT_OBJC_MSGSEND = YES;
				GCC_C_LANGUAGE_STANDARD = gnu11;
				GCC_NO_COMMON_BLOCKS = YES;
				GCC_WARN_64_TO_32_BIT_CONVERSION = YES;
				GCC_WARN_ABOUT_RETURN_TYPE = YES_ERROR;
				GCC_WARN_UNDECLARED_SELECTOR = YES;
				GCC_WARN_UNINITIALIZED_AUTOS = YES_AGGRESSIVE;
				GCC_WARN_UNUSED_FUNCTION = YES;
				GCC_WARN_UNUSED_VARIABLE = YES;
				IPHONEOS_DEPLOYMENT_TARGET = 13.2;
				MTL_ENABLE_DEBUG_INFO = NO;
				MTL_FAST_MATH = YES;
				SDKROOT = iphoneos;
				SWIFT_COMPILATION_MODE = wholemodule;
				SWIFT_OPTIMIZATION_LEVEL = "-O";
				VALIDATE_PRODUCT = YES;
			};
			name = Release;
		};
		D18E35C224144C6400441130 /* Debug */ = {
			isa = XCBuildConfiguration;
			baseConfigurationReference = 90142F68F2A480B9A2D93754 /* Pods-SugoiFridge.debug.xcconfig */;
			buildSettings = {
				ASSETCATALOG_COMPILER_APPICON_NAME = AppIcon;
				CODE_SIGN_STYLE = Automatic;
				DEVELOPMENT_TEAM = 3GA5W563G6;
				INFOPLIST_FILE = SugoiFridge/Info.plist;
				LD_RUNPATH_SEARCH_PATHS = (
					"$(inherited)",
					"@executable_path/Frameworks",
				);
				PRODUCT_BUNDLE_IDENTIFIER = rh.SugoiFridge;
				PRODUCT_NAME = "$(TARGET_NAME)";
				SWIFT_VERSION = 5.0;
				TARGETED_DEVICE_FAMILY = "1,2";
			};
			name = Debug;
		};
		D18E35C324144C6400441130 /* Release */ = {
			isa = XCBuildConfiguration;
			baseConfigurationReference = 98FF35454CA2CBE9DD09A2E8 /* Pods-SugoiFridge.release.xcconfig */;
			buildSettings = {
				ASSETCATALOG_COMPILER_APPICON_NAME = AppIcon;
				CODE_SIGN_STYLE = Automatic;
				DEVELOPMENT_TEAM = 3GA5W563G6;
				INFOPLIST_FILE = SugoiFridge/Info.plist;
				LD_RUNPATH_SEARCH_PATHS = (
					"$(inherited)",
					"@executable_path/Frameworks",
				);
				PRODUCT_BUNDLE_IDENTIFIER = rh.SugoiFridge;
				PRODUCT_NAME = "$(TARGET_NAME)";
				SWIFT_VERSION = 5.0;
				TARGETED_DEVICE_FAMILY = "1,2";
			};
			name = Release;
		};
		D18E35C524144C6400441130 /* Debug */ = {
			isa = XCBuildConfiguration;
			baseConfigurationReference = AD26C11074FEB562B309314E /* Pods-SugoiFridgeTests.debug.xcconfig */;
			buildSettings = {
				ALWAYS_EMBED_SWIFT_STANDARD_LIBRARIES = YES;
				BUNDLE_LOADER = "$(TEST_HOST)";
				CODE_SIGN_STYLE = Automatic;
				INFOPLIST_FILE = SugoiFridgeTests/Info.plist;
				IPHONEOS_DEPLOYMENT_TARGET = 13.2;
				LD_RUNPATH_SEARCH_PATHS = (
					"$(inherited)",
					"@executable_path/Frameworks",
					"@loader_path/Frameworks",
				);
				PRODUCT_BUNDLE_IDENTIFIER = tar.SugoiFridgeTests;
				PRODUCT_NAME = "$(TARGET_NAME)";
				SWIFT_VERSION = 5.0;
				TARGETED_DEVICE_FAMILY = "1,2";
				TEST_HOST = "$(BUILT_PRODUCTS_DIR)/SugoiFridge.app/SugoiFridge";
			};
			name = Debug;
		};
		D18E35C624144C6400441130 /* Release */ = {
			isa = XCBuildConfiguration;
			baseConfigurationReference = FDF4EA9409C4746DD5EA4FDF /* Pods-SugoiFridgeTests.release.xcconfig */;
			buildSettings = {
				ALWAYS_EMBED_SWIFT_STANDARD_LIBRARIES = YES;
				BUNDLE_LOADER = "$(TEST_HOST)";
				CODE_SIGN_STYLE = Automatic;
				INFOPLIST_FILE = SugoiFridgeTests/Info.plist;
				IPHONEOS_DEPLOYMENT_TARGET = 13.2;
				LD_RUNPATH_SEARCH_PATHS = (
					"$(inherited)",
					"@executable_path/Frameworks",
					"@loader_path/Frameworks",
				);
				PRODUCT_BUNDLE_IDENTIFIER = tar.SugoiFridgeTests;
				PRODUCT_NAME = "$(TARGET_NAME)";
				SWIFT_VERSION = 5.0;
				TARGETED_DEVICE_FAMILY = "1,2";
				TEST_HOST = "$(BUILT_PRODUCTS_DIR)/SugoiFridge.app/SugoiFridge";
			};
			name = Release;
		};
		D18E35C824144C6400441130 /* Debug */ = {
			isa = XCBuildConfiguration;
			baseConfigurationReference = 4A49101BCF03F4D984F40154 /* Pods-SugoiFridge-SugoiFridgeUITests.debug.xcconfig */;
			buildSettings = {
				ALWAYS_EMBED_SWIFT_STANDARD_LIBRARIES = YES;
				CODE_SIGN_STYLE = Automatic;
				INFOPLIST_FILE = SugoiFridgeUITests/Info.plist;
				LD_RUNPATH_SEARCH_PATHS = (
					"$(inherited)",
					"@executable_path/Frameworks",
					"@loader_path/Frameworks",
				);
				PRODUCT_BUNDLE_IDENTIFIER = tar.SugoiFridgeUITests;
				PRODUCT_NAME = "$(TARGET_NAME)";
				SWIFT_VERSION = 5.0;
				TARGETED_DEVICE_FAMILY = "1,2";
				TEST_TARGET_NAME = SugoiFridge;
			};
			name = Debug;
		};
		D18E35C924144C6400441130 /* Release */ = {
			isa = XCBuildConfiguration;
			baseConfigurationReference = E24A3699EDE9C33A31A38BFA /* Pods-SugoiFridge-SugoiFridgeUITests.release.xcconfig */;
			buildSettings = {
				ALWAYS_EMBED_SWIFT_STANDARD_LIBRARIES = YES;
				CODE_SIGN_STYLE = Automatic;
				INFOPLIST_FILE = SugoiFridgeUITests/Info.plist;
				LD_RUNPATH_SEARCH_PATHS = (
					"$(inherited)",
					"@executable_path/Frameworks",
					"@loader_path/Frameworks",
				);
				PRODUCT_BUNDLE_IDENTIFIER = tar.SugoiFridgeUITests;
				PRODUCT_NAME = "$(TARGET_NAME)";
				SWIFT_VERSION = 5.0;
				TARGETED_DEVICE_FAMILY = "1,2";
				TEST_TARGET_NAME = SugoiFridge;
			};
			name = Release;
		};
/* End XCBuildConfiguration section */

/* Begin XCConfigurationList section */
		D18E359224144C5E00441130 /* Build configuration list for PBXProject "SugoiFridge" */ = {
			isa = XCConfigurationList;
			buildConfigurations = (
				D18E35BF24144C6400441130 /* Debug */,
				D18E35C024144C6400441130 /* Release */,
			);
			defaultConfigurationIsVisible = 0;
			defaultConfigurationName = Release;
		};
		D18E35C124144C6400441130 /* Build configuration list for PBXNativeTarget "SugoiFridge" */ = {
			isa = XCConfigurationList;
			buildConfigurations = (
				D18E35C224144C6400441130 /* Debug */,
				D18E35C324144C6400441130 /* Release */,
			);
			defaultConfigurationIsVisible = 0;
			defaultConfigurationName = Release;
		};
		D18E35C424144C6400441130 /* Build configuration list for PBXNativeTarget "SugoiFridgeTests" */ = {
			isa = XCConfigurationList;
			buildConfigurations = (
				D18E35C524144C6400441130 /* Debug */,
				D18E35C624144C6400441130 /* Release */,
			);
			defaultConfigurationIsVisible = 0;
			defaultConfigurationName = Release;
		};
		D18E35C724144C6400441130 /* Build configuration list for PBXNativeTarget "SugoiFridgeUITests" */ = {
			isa = XCConfigurationList;
			buildConfigurations = (
				D18E35C824144C6400441130 /* Debug */,
				D18E35C924144C6400441130 /* Release */,
			);
			defaultConfigurationIsVisible = 0;
			defaultConfigurationName = Release;
		};
/* End XCConfigurationList section */
	};
	rootObject = D18E358F24144C5E00441130 /* Project object */;
}
